// !$*UTF8*$!
{
	archiveVersion = 1;
	classes = {
	};
	objectVersion = 56;
	objects = {

/* Begin PBXBuildFile section */
		032E20972EF43F1B009DEE42 /* ExploreView.swift in Sources */ = {isa = PBXBuildFile; fileRef = 032E20962EF43F1B009DEE42 /* ExploreView.swift */; };
		032E20992EF43F75009DEE42 /* DrinkDetailView.swift in Sources */ = {isa = PBXBuildFile; fileRef = 032E20982EF43F75009DEE42 /* DrinkDetailView.swift */; };
		032E209B2EF43F96009DEE42 /* DrinkRowView.swift in Sources */ = {isa = PBXBuildFile; fileRef = 032E209A2EF43F96009DEE42 /* DrinkRowView.swift */; };
		032E209D2EF43FC6009DEE42 /* ExploreViewModel.swift in Sources */ = {isa = PBXBuildFile; fileRef = 032E209C2EF43FC6009DEE42 /* ExploreViewModel.swift */; };
		032E20A52EF44838009DEE42 /* FavoritesView.swift in Sources */ = {isa = PBXBuildFile; fileRef = 032E20A42EF44838009DEE42 /* FavoritesView.swift */; };
		032E20A72EF44A64009DEE42 /* FavoritesStore.swift in Sources */ = {isa = PBXBuildFile; fileRef = 032E20A62EF44A64009DEE42 /* FavoritesStore.swift */; };
		03D7983B2EF2F2C000BB8D6C /* CocktailsAppApp.swift in Sources */ = {isa = PBXBuildFile; fileRef = 03D7983A2EF2F2C000BB8D6C /* CocktailsAppApp.swift */; };
		03D7983D2EF2F2C000BB8D6C /* ContentView.swift in Sources */ = {isa = PBXBuildFile; fileRef = 03D7983C2EF2F2C000BB8D6C /* ContentView.swift */; };
		03D7983F2EF2F2C200BB8D6C /* Assets.xcassets in Resources */ = {isa = PBXBuildFile; fileRef = 03D7983E2EF2F2C200BB8D6C /* Assets.xcassets */; };
		03D798422EF2F2C200BB8D6C /* Preview Assets.xcassets in Resources */ = {isa = PBXBuildFile; fileRef = 03D798412EF2F2C200BB8D6C /* Preview Assets.xcassets */; };
		42DD85662EF30C3D00F25DC3 /* Cocktail.swift in Sources */ = {isa = PBXBuildFile; fileRef = 42DD85652EF30C3600F25DC3 /* Cocktail.swift */; };
		42DD856B2EF30C7000F25DC3 /* CocktailService.swift in Sources */ = {isa = PBXBuildFile; fileRef = 42DD856A2EF30C6B00F25DC3 /* CocktailService.swift */; };
		42DD85732EF4509300F25DC3 /* FeedbackService.swift in Sources */ = {isa = PBXBuildFile; fileRef = 42DD85722EF4509300F25DC3 /* FeedbackService.swift */; };
		42DD85752EF450E200F25DC3 /* FeedbackViewModel.swift in Sources */ = {isa = PBXBuildFile; fileRef = 42DD85742EF450E200F25DC3 /* FeedbackViewModel.swift */; };
/* End PBXBuildFile section */

/* Begin PBXFileReference section */
		032E20962EF43F1B009DEE42 /* ExploreView.swift */ = {isa = PBXFileReference; lastKnownFileType = sourcecode.swift; path = ExploreView.swift; sourceTree = "<group>"; };
		032E20982EF43F75009DEE42 /* DrinkDetailView.swift */ = {isa = PBXFileReference; lastKnownFileType = sourcecode.swift; path = DrinkDetailView.swift; sourceTree = "<group>"; };
		032E209A2EF43F96009DEE42 /* DrinkRowView.swift */ = {isa = PBXFileReference; lastKnownFileType = sourcecode.swift; path = DrinkRowView.swift; sourceTree = "<group>"; };
		032E209C2EF43FC6009DEE42 /* ExploreViewModel.swift */ = {isa = PBXFileReference; lastKnownFileType = sourcecode.swift; path = ExploreViewModel.swift; sourceTree = "<group>"; };
		032E20A42EF44838009DEE42 /* FavoritesView.swift */ = {isa = PBXFileReference; lastKnownFileType = sourcecode.swift; path = FavoritesView.swift; sourceTree = "<group>"; };
		032E20A62EF44A64009DEE42 /* FavoritesStore.swift */ = {isa = PBXFileReference; lastKnownFileType = sourcecode.swift; path = FavoritesStore.swift; sourceTree = "<group>"; };
		03D798372EF2F2C000BB8D6C /* CocktailsApp.app */ = {isa = PBXFileReference; explicitFileType = wrapper.application; includeInIndex = 0; path = CocktailsApp.app; sourceTree = BUILT_PRODUCTS_DIR; };
		03D7983A2EF2F2C000BB8D6C /* CocktailsAppApp.swift */ = {isa = PBXFileReference; lastKnownFileType = sourcecode.swift; path = CocktailsAppApp.swift; sourceTree = "<group>"; };
		03D7983C2EF2F2C000BB8D6C /* ContentView.swift */ = {isa = PBXFileReference; lastKnownFileType = sourcecode.swift; path = ContentView.swift; sourceTree = "<group>"; };
		03D7983E2EF2F2C200BB8D6C /* Assets.xcassets */ = {isa = PBXFileReference; lastKnownFileType = folder.assetcatalog; path = Assets.xcassets; sourceTree = "<group>"; };
		03D798412EF2F2C200BB8D6C /* Preview Assets.xcassets */ = {isa = PBXFileReference; lastKnownFileType = folder.assetcatalog; path = "Preview Assets.xcassets"; sourceTree = "<group>"; };
		42DD85652EF30C3600F25DC3 /* Cocktail.swift */ = {isa = PBXFileReference; lastKnownFileType = sourcecode.swift; path = Cocktail.swift; sourceTree = "<group>"; };
		42DD856A2EF30C6B00F25DC3 /* CocktailService.swift */ = {isa = PBXFileReference; lastKnownFileType = sourcecode.swift; path = CocktailService.swift; sourceTree = "<group>"; };
		42DD85722EF4509300F25DC3 /* FeedbackService.swift */ = {isa = PBXFileReference; lastKnownFileType = sourcecode.swift; path = FeedbackService.swift; sourceTree = "<group>"; };
		42DD85742EF450E200F25DC3 /* FeedbackViewModel.swift */ = {isa = PBXFileReference; lastKnownFileType = sourcecode.swift; path = FeedbackViewModel.swift; sourceTree = "<group>"; };
/* End PBXFileReference section */

/* Begin PBXFrameworksBuildPhase section */
		03D798342EF2F2C000BB8D6C /* Frameworks */ = {
			isa = PBXFrameworksBuildPhase;
			buildActionMask = 2147483647;
			files = (
			);
			runOnlyForDeploymentPostprocessing = 0;
		};
/* End PBXFrameworksBuildPhase section */

/* Begin PBXGroup section */
		03D7982E2EF2F2C000BB8D6C = {
			isa = PBXGroup;
			children = (
				03D798392EF2F2C000BB8D6C /* CocktailsApp */,
				03D798382EF2F2C000BB8D6C /* Products */,
			);
			sourceTree = "<group>";
		};
		03D798382EF2F2C000BB8D6C /* Products */ = {
			isa = PBXGroup;
			children = (
				03D798372EF2F2C000BB8D6C /* CocktailsApp.app */,
			);
			name = Products;
			sourceTree = "<group>";
		};
		03D798392EF2F2C000BB8D6C /* CocktailsApp */ = {
			isa = PBXGroup;
			children = (
				42DD85672EF30C5000F25DC3 /* Services */,
				03D7983A2EF2F2C000BB8D6C /* CocktailsAppApp.swift */,
				03D7983C2EF2F2C000BB8D6C /* ContentView.swift */,
				42DD85642EF30C2B00F25DC3 /* Models */,
				03D7983E2EF2F2C200BB8D6C /* Assets.xcassets */,
				42DD85772EF4517800F25DC3 /* ViewModels */,
				03D798402EF2F2C200BB8D6C /* Preview Content */,
				032E20962EF43F1B009DEE42 /* ExploreView.swift */,
				032E20982EF43F75009DEE42 /* DrinkDetailView.swift */,
				032E209A2EF43F96009DEE42 /* DrinkRowView.swift */,
				032E209C2EF43FC6009DEE42 /* ExploreViewModel.swift */,
				032E20A42EF44838009DEE42 /* FavoritesView.swift */,
				032E20A62EF44A64009DEE42 /* FavoritesStore.swift */,
			);
			path = CocktailsApp;
			sourceTree = "<group>";
		};
		03D798402EF2F2C200BB8D6C /* Preview Content */ = {
			isa = PBXGroup;
			children = (
				03D798412EF2F2C200BB8D6C /* Preview Assets.xcassets */,
			);
			path = "Preview Content";
			sourceTree = "<group>";
		};
		42DD85642EF30C2B00F25DC3 /* Models */ = {
			isa = PBXGroup;
			children = (
				42DD85652EF30C3600F25DC3 /* Cocktail.swift */,
			);
			path = Models;
			sourceTree = "<group>";
		};
		42DD85672EF30C5000F25DC3 /* Services */ = {
			isa = PBXGroup;
			children = (
				42DD85722EF4509300F25DC3 /* FeedbackService.swift */,
				42DD856A2EF30C6B00F25DC3 /* CocktailService.swift */,
			);
			path = Services;
			sourceTree = "<group>";
		};
		42DD85772EF4517800F25DC3 /* ViewModels */ = {
			isa = PBXGroup;
			children = (
				42DD85742EF450E200F25DC3 /* FeedbackViewModel.swift */,
			);
			path = ViewModels;
			sourceTree = "<group>";
		};
/* End PBXGroup section */

/* Begin PBXNativeTarget section */
		03D798362EF2F2C000BB8D6C /* CocktailsApp */ = {
			isa = PBXNativeTarget;
			buildConfigurationList = 03D798452EF2F2C200BB8D6C /* Build configuration list for PBXNativeTarget "CocktailsApp" */;
			buildPhases = (
				03D798332EF2F2C000BB8D6C /* Sources */,
				03D798342EF2F2C000BB8D6C /* Frameworks */,
				03D798352EF2F2C000BB8D6C /* Resources */,
			);
			buildRules = (
			);
			dependencies = (
			);
			name = CocktailsApp;
			productName = CocktailsApp;
			productReference = 03D798372EF2F2C000BB8D6C /* CocktailsApp.app */;
			productType = "com.apple.product-type.application";
		};
/* End PBXNativeTarget section */

/* Begin PBXProject section */
		03D7982F2EF2F2C000BB8D6C /* Project object */ = {
			isa = PBXProject;
			attributes = {
				BuildIndependentTargetsInParallel = 1;
				LastSwiftUpdateCheck = 1520;
				LastUpgradeCheck = 1520;
				TargetAttributes = {
					03D798362EF2F2C000BB8D6C = {
						CreatedOnToolsVersion = 15.2;
					};
				};
			};
			buildConfigurationList = 03D798322EF2F2C000BB8D6C /* Build configuration list for PBXProject "CocktailsApp" */;
			compatibilityVersion = "Xcode 14.0";
			developmentRegion = en;
			hasScannedForEncodings = 0;
			knownRegions = (
				en,
				Base,
			);
			mainGroup = 03D7982E2EF2F2C000BB8D6C;
			productRefGroup = 03D798382EF2F2C000BB8D6C /* Products */;
			projectDirPath = "";
			projectRoot = "";
			targets = (
				03D798362EF2F2C000BB8D6C /* CocktailsApp */,
			);
		};
/* End PBXProject section */

/* Begin PBXResourcesBuildPhase section */
		03D798352EF2F2C000BB8D6C /* Resources */ = {
			isa = PBXResourcesBuildPhase;
			buildActionMask = 2147483647;
			files = (
				03D798422EF2F2C200BB8D6C /* Preview Assets.xcassets in Resources */,
				03D7983F2EF2F2C200BB8D6C /* Assets.xcassets in Resources */,
			);
			runOnlyForDeploymentPostprocessing = 0;
		};
/* End PBXResourcesBuildPhase section */

/* Begin PBXSourcesBuildPhase section */
		03D798332EF2F2C000BB8D6C /* Sources */ = {
			isa = PBXSourcesBuildPhase;
			buildActionMask = 2147483647;
			files = (
				032E209D2EF43FC6009DEE42 /* ExploreViewModel.swift in Sources */,
				03D7983D2EF2F2C000BB8D6C /* ContentView.swift in Sources */,
				42DD85732EF4509300F25DC3 /* FeedbackService.swift in Sources */,
				42DD85752EF450E200F25DC3 /* FeedbackViewModel.swift in Sources */,
				032E20972EF43F1B009DEE42 /* ExploreView.swift in Sources */,
				032E20A72EF44A64009DEE42 /* FavoritesStore.swift in Sources */,
				032E20992EF43F75009DEE42 /* DrinkDetailView.swift in Sources */,
				032E209B2EF43F96009DEE42 /* DrinkRowView.swift in Sources */,
				03D7983B2EF2F2C000BB8D6C /* CocktailsAppApp.swift in Sources */,
				032E20A52EF44838009DEE42 /* FavoritesView.swift in Sources */,
				42DD85662EF30C3D00F25DC3 /* Cocktail.swift in Sources */,
				42DD856B2EF30C7000F25DC3 /* CocktailService.swift in Sources */,
			);
			runOnlyForDeploymentPostprocessing = 0;
		};
/* End PBXSourcesBuildPhase section */

/* Begin XCBuildConfiguration section */
		03D798432EF2F2C200BB8D6C /* Debug */ = {
			isa = XCBuildConfiguration;
			buildSettings = {
				ALWAYS_SEARCH_USER_PATHS = NO;
				ASSETCATALOG_COMPILER_GENERATE_SWIFT_ASSET_SYMBOL_EXTENSIONS = YES;
				CLANG_ANALYZER_NONNULL = YES;
				CLANG_ANALYZER_NUMBER_OBJECT_CONVERSION = YES_AGGRESSIVE;
				CLANG_CXX_LANGUAGE_STANDARD = "gnu++20";
				CLANG_ENABLE_MODULES = YES;
				CLANG_ENABLE_OBJC_ARC = YES;
				CLANG_ENABLE_OBJC_WEAK = YES;
				CLANG_WARN_BLOCK_CAPTURE_AUTORELEASING = YES;
				CLANG_WARN_BOOL_CONVERSION = YES;
				CLANG_WARN_COMMA = YES;
				CLANG_WARN_CONSTANT_CONVERSION = YES;
				CLANG_WARN_DEPRECATED_OBJC_IMPLEMENTATIONS = YES;
				CLANG_WARN_DIRECT_OBJC_ISA_USAGE = YES_ERROR;
				CLANG_WARN_DOCUMENTATION_COMMENTS = YES;
				CLANG_WARN_EMPTY_BODY = YES;
				CLANG_WARN_ENUM_CONVERSION = YES;
				CLANG_WARN_INFINITE_RECURSION = YES;
				CLANG_WARN_INT_CONVERSION = YES;
				CLANG_WARN_NON_LITERAL_NULL_CONVERSION = YES;
				CLANG_WARN_OBJC_IMPLICIT_RETAIN_SELF = YES;
				CLANG_WARN_OBJC_LITERAL_CONVERSION = YES;
				CLANG_WARN_OBJC_ROOT_CLASS = YES_ERROR;
				CLANG_WARN_QUOTED_INCLUDE_IN_FRAMEWORK_HEADER = YES;
				CLANG_WARN_RANGE_LOOP_ANALYSIS = YES;
				CLANG_WARN_STRICT_PROTOTYPES = YES;
				CLANG_WARN_SUSPICIOUS_MOVE = YES;
				CLANG_WARN_UNGUARDED_AVAILABILITY = YES_AGGRESSIVE;
				CLANG_WARN_UNREACHABLE_CODE = YES;
				CLANG_WARN__DUPLICATE_METHOD_MATCH = YES;
				COPY_PHASE_STRIP = NO;
				DEBUG_INFORMATION_FORMAT = dwarf;
				ENABLE_STRICT_OBJC_MSGSEND = YES;
				ENABLE_TESTABILITY = YES;
				ENABLE_USER_SCRIPT_SANDBOXING = YES;
				GCC_C_LANGUAGE_STANDARD = gnu17;
				GCC_DYNAMIC_NO_PIC = NO;
				GCC_NO_COMMON_BLOCKS = YES;
				GCC_OPTIMIZATION_LEVEL = 0;
				GCC_PREPROCESSOR_DEFINITIONS = (
					"DEBUG=1",
					"$(inherited)",
				);
				GCC_WARN_64_TO_32_BIT_CONVERSION = YES;
				GCC_WARN_ABOUT_RETURN_TYPE = YES_ERROR;
				GCC_WARN_UNDECLARED_SELECTOR = YES;
				GCC_WARN_UNINITIALIZED_AUTOS = YES_AGGRESSIVE;
				GCC_WARN_UNUSED_FUNCTION = YES;
				GCC_WARN_UNUSED_VARIABLE = YES;
				IPHONEOS_DEPLOYMENT_TARGET = 17.2;
				LOCALIZATION_PREFERS_STRING_CATALOGS = YES;
				MTL_ENABLE_DEBUG_INFO = INCLUDE_SOURCE;
				MTL_FAST_MATH = YES;
				ONLY_ACTIVE_ARCH = YES;
				SDKROOT = iphoneos;
				SWIFT_ACTIVE_COMPILATION_CONDITIONS = "DEBUG $(inherited)";
				SWIFT_OPTIMIZATION_LEVEL = "-Onone";
			};
			name = Debug;
		};
		03D798442EF2F2C200BB8D6C /* Release */ = {
			isa = XCBuildConfiguration;
			buildSettings = {
				ALWAYS_SEARCH_USER_PATHS = NO;
				ASSETCATALOG_COMPILER_GENERATE_SWIFT_ASSET_SYMBOL_EXTENSIONS = YES;
				CLANG_ANALYZER_NONNULL = YES;
				CLANG_ANALYZER_NUMBER_OBJECT_CONVERSION = YES_AGGRESSIVE;
				CLANG_CXX_LANGUAGE_STANDARD = "gnu++20";
				CLANG_ENABLE_MODULES = YES;
				CLANG_ENABLE_OBJC_ARC = YES;
				CLANG_ENABLE_OBJC_WEAK = YES;
				CLANG_WARN_BLOCK_CAPTURE_AUTORELEASING = YES;
				CLANG_WARN_BOOL_CONVERSION = YES;
				CLANG_WARN_COMMA = YES;
				CLANG_WARN_CONSTANT_CONVERSION = YES;
				CLANG_WARN_DEPRECATED_OBJC_IMPLEMENTATIONS = YES;
				CLANG_WARN_DIRECT_OBJC_ISA_USAGE = YES_ERROR;
				CLANG_WARN_DOCUMENTATION_COMMENTS = YES;
				CLANG_WARN_EMPTY_BODY = YES;
				CLANG_WARN_ENUM_CONVERSION = YES;
				CLANG_WARN_INFINITE_RECURSION = YES;
				CLANG_WARN_INT_CONVERSION = YES;
				CLANG_WARN_NON_LITERAL_NULL_CONVERSION = YES;
				CLANG_WARN_OBJC_IMPLICIT_RETAIN_SELF = YES;
				CLANG_WARN_OBJC_LITERAL_CONVERSION = YES;
				CLANG_WARN_OBJC_ROOT_CLASS = YES_ERROR;
				CLANG_WARN_QUOTED_INCLUDE_IN_FRAMEWORK_HEADER = YES;
				CLANG_WARN_RANGE_LOOP_ANALYSIS = YES;
				CLANG_WARN_STRICT_PROTOTYPES = YES;
				CLANG_WARN_SUSPICIOUS_MOVE = YES;
				CLANG_WARN_UNGUARDED_AVAILABILITY = YES_AGGRESSIVE;
				CLANG_WARN_UNREACHABLE_CODE = YES;
				CLANG_WARN__DUPLICATE_METHOD_MATCH = YES;
				COPY_PHASE_STRIP = NO;
				DEBUG_INFORMATION_FORMAT = "dwarf-with-dsym";
				ENABLE_NS_ASSERTIONS = NO;
				ENABLE_STRICT_OBJC_MSGSEND = YES;
				ENABLE_USER_SCRIPT_SANDBOXING = YES;
				GCC_C_LANGUAGE_STANDARD = gnu17;
				GCC_NO_COMMON_BLOCKS = YES;
				GCC_WARN_64_TO_32_BIT_CONVERSION = YES;
				GCC_WARN_ABOUT_RETURN_TYPE = YES_ERROR;
				GCC_WARN_UNDECLARED_SELECTOR = YES;
				GCC_WARN_UNINITIALIZED_AUTOS = YES_AGGRESSIVE;
				GCC_WARN_UNUSED_FUNCTION = YES;
				GCC_WARN_UNUSED_VARIABLE = YES;
				IPHONEOS_DEPLOYMENT_TARGET = 17.2;
				LOCALIZATION_PREFERS_STRING_CATALOGS = YES;
				MTL_ENABLE_DEBUG_INFO = NO;
				MTL_FAST_MATH = YES;
				SDKROOT = iphoneos;
				SWIFT_COMPILATION_MODE = wholemodule;
				VALIDATE_PRODUCT = YES;
			};
			name = Release;
		};
		03D798462EF2F2C200BB8D6C /* Debug */ = {
			isa = XCBuildConfiguration;
			buildSettings = {
				ASSETCATALOG_COMPILER_APPICON_NAME = AppIcon;
				ASSETCATALOG_COMPILER_GLOBAL_ACCENT_COLOR_NAME = AccentColor;
				CODE_SIGN_STYLE = Automatic;
				CURRENT_PROJECT_VERSION = 1;
				DEVELOPMENT_ASSET_PATHS = "\"CocktailsApp/Preview Content\"";
				ENABLE_PREVIEWS = YES;
				GENERATE_INFOPLIST_FILE = YES;
				INFOPLIST_KEY_UIApplicationSceneManifest_Generation = YES;
				INFOPLIST_KEY_UIApplicationSupportsIndirectInputEvents = YES;
				INFOPLIST_KEY_UILaunchScreen_Generation = YES;
				INFOPLIST_KEY_UISupportedInterfaceOrientations_iPad = "UIInterfaceOrientationPortrait UIInterfaceOrientationPortraitUpsideDown UIInterfaceOrientationLandscapeLeft UIInterfaceOrientationLandscapeRight";
				INFOPLIST_KEY_UISupportedInterfaceOrientations_iPhone = "UIInterfaceOrientationPortrait UIInterfaceOrientationLandscapeLeft UIInterfaceOrientationLandscapeRight";
				LD_RUNPATH_SEARCH_PATHS = (
					"$(inherited)",
					"@executable_path/Frameworks",
				);
				MARKETING_VERSION = 1.0;
				PRODUCT_BUNDLE_IDENTIFIER = com.lightphoenix.CocktailsApp;
				PRODUCT_NAME = "$(TARGET_NAME)";
				SWIFT_EMIT_LOC_STRINGS = YES;
				SWIFT_VERSION = 5.0;
				TARGETED_DEVICE_FAMILY = "1,2";
			};
			name = Debug;
		};
		03D798472EF2F2C200BB8D6C /* Release */ = {
			isa = XCBuildConfiguration;
			buildSettings = {
				ASSETCATALOG_COMPILER_APPICON_NAME = AppIcon;
				ASSETCATALOG_COMPILER_GLOBAL_ACCENT_COLOR_NAME = AccentColor;
				CODE_SIGN_STYLE = Automatic;
				CURRENT_PROJECT_VERSION = 1;
				DEVELOPMENT_ASSET_PATHS = "\"CocktailsApp/Preview Content\"";
				ENABLE_PREVIEWS = YES;
				GENERATE_INFOPLIST_FILE = YES;
				INFOPLIST_KEY_UIApplicationSceneManifest_Generation = YES;
				INFOPLIST_KEY_UIApplicationSupportsIndirectInputEvents = YES;
				INFOPLIST_KEY_UILaunchScreen_Generation = YES;
				INFOPLIST_KEY_UISupportedInterfaceOrientations_iPad = "UIInterfaceOrientationPortrait UIInterfaceOrientationPortraitUpsideDown UIInterfaceOrientationLandscapeLeft UIInterfaceOrientationLandscapeRight";
				INFOPLIST_KEY_UISupportedInterfaceOrientations_iPhone = "UIInterfaceOrientationPortrait UIInterfaceOrientationLandscapeLeft UIInterfaceOrientationLandscapeRight";
				LD_RUNPATH_SEARCH_PATHS = (
					"$(inherited)",
					"@executable_path/Frameworks",
				);
				MARKETING_VERSION = 1.0;
				PRODUCT_BUNDLE_IDENTIFIER = com.lightphoenix.CocktailsApp;
				PRODUCT_NAME = "$(TARGET_NAME)";
				SWIFT_EMIT_LOC_STRINGS = YES;
				SWIFT_VERSION = 5.0;
				TARGETED_DEVICE_FAMILY = "1,2";
			};
			name = Release;
		};
/* End XCBuildConfiguration section */

/* Begin XCConfigurationList section */
		03D798322EF2F2C000BB8D6C /* Build configuration list for PBXProject "CocktailsApp" */ = {
			isa = XCConfigurationList;
			buildConfigurations = (
				03D798432EF2F2C200BB8D6C /* Debug */,
				03D798442EF2F2C200BB8D6C /* Release */,
			);
			defaultConfigurationIsVisible = 0;
			defaultConfigurationName = Release;
		};
		03D798452EF2F2C200BB8D6C /* Build configuration list for PBXNativeTarget "CocktailsApp" */ = {
			isa = XCConfigurationList;
			buildConfigurations = (
				03D798462EF2F2C200BB8D6C /* Debug */,
				03D798472EF2F2C200BB8D6C /* Release */,
			);
			defaultConfigurationIsVisible = 0;
			defaultConfigurationName = Release;
		};
/* End XCConfigurationList section */
	};
	rootObject = 03D7982F2EF2F2C000BB8D6C /* Project object */;
}
